
Microsoft Visual Studio Solution File, Format Version 12.00
# Visual Studio 15
VisualStudioVersion = 15.0.27130.2003
MinimumVisualStudioVersion = 10.0.40219.1
Project("{FAE04EC0-301F-11D3-BF4B-00C04F79EFBC}") = "BioMatcher.Benchmark", "BioMatcher.Benchmark\BioMatcher.Benchmark.csproj", "{C0C3318B-F2AB-4882-968F-E74FB529D355}"
EndProject
Project("{FAE04EC0-301F-11D3-BF4B-00C04F79EFBC}") = "BioMatcher.Client", "BioMatcher.Client\BioMatcher.Client.csproj", "{8B8BEBD1-A182-450D-B4EF-DE2E4820D4F8}"
EndProject
Project("{FAE04EC0-301F-11D3-BF4B-00C04F79EFBC}") = "BioMatcher", "BioMatcher\BioMatcher.csproj", "{6D6B3F7F-62C6-4F97-A8B3-8E33355E7EAB}"
EndProject
Project("{FAE04EC0-301F-11D3-BF4B-00C04F79EFBC}") = "BioMatcher.Server", "BioMatcher.Server\BioMatcher.Server.csproj", "{B8D1A3B7-B580-48DF-85DB-EF8151474783}"
EndProject
Project("{FAE04EC0-301F-11D3-BF4B-00C04F79EFBC}") = "BioMatcher.Griaule", "BioMatcher.Griaule\BioMatcher.Griaule.csproj", "{1E467CDB-2552-4BAD-B2D5-1440CD7A60C7}"
EndProject
Project("{FAE04EC0-301F-11D3-BF4B-00C04F79EFBC}") = "BioMatcher.SecuGen", "BioMatcher.SecuGen\BioMatcher.SecuGen.csproj", "{FA6A82E4-008C-402E-832A-4120437F1DF4}"
EndProject
Project("{FAE04EC0-301F-11D3-BF4B-00C04F79EFBC}") = "BioMatcher.OpenAFIS", "BioMatcher.OpenAFIS\BioMatcher.OpenAFIS.csproj", "{D0F63BD6-6949-4DF5-A257-8B8ECAAB2C19}"
EndProject
Project("{FAE04EC0-301F-11D3-BF4B-00C04F79EFBC}") = "BioMatcher.ServiceAdapter", "BioMatcher.ServiceAdapter\BioMatcher.ServiceAdapter.csproj", "{ACBFC100-3EA4-4306-9AA1-E4B7269552EC}"
EndProject
Project("{FAE04EC0-301F-11D3-BF4B-00C04F79EFBC}") = "BioMatcher.WebService", "BioMatcher.WebService\BioMatcher.WebService.csproj", "{E6397143-ECA1-412F-8B2E-4C8439DD6DF6}"
EndProject
Global
	GlobalSection(SolutionConfigurationPlatforms) = preSolution
		Debug|Any CPU = Debug|Any CPU
		Release|Any CPU = Release|Any CPU
	EndGlobalSection
	GlobalSection(ProjectConfigurationPlatforms) = postSolution
		{C0C3318B-F2AB-4882-968F-E74FB529D355}.Debug|Any CPU.ActiveCfg = Debug|Any CPU
		{C0C3318B-F2AB-4882-968F-E74FB529D355}.Debug|Any CPU.Build.0 = Debug|Any CPU
		{C0C3318B-F2AB-4882-968F-E74FB529D355}.Release|Any CPU.ActiveCfg = Release|Any CPU
		{C0C3318B-F2AB-4882-968F-E74FB529D355}.Release|Any CPU.Build.0 = Release|Any CPU
		{8B8BEBD1-A182-450D-B4EF-DE2E4820D4F8}.Debug|Any CPU.ActiveCfg = Debug|Any CPU
		{8B8BEBD1-A182-450D-B4EF-DE2E4820D4F8}.Debug|Any CPU.Build.0 = Debug|Any CPU
		{8B8BEBD1-A182-450D-B4EF-DE2E4820D4F8}.Release|Any CPU.ActiveCfg = Release|Any CPU
		{8B8BEBD1-A182-450D-B4EF-DE2E4820D4F8}.Release|Any CPU.Build.0 = Release|Any CPU
		{6D6B3F7F-62C6-4F97-A8B3-8E33355E7EAB}.Debug|Any CPU.ActiveCfg = Debug|Any CPU
		{6D6B3F7F-62C6-4F97-A8B3-8E33355E7EAB}.Debug|Any CPU.Build.0 = Debug|Any CPU
		{6D6B3F7F-62C6-4F97-A8B3-8E33355E7EAB}.Release|Any CPU.ActiveCfg = Release|Any CPU
		{6D6B3F7F-62C6-4F97-A8B3-8E33355E7EAB}.Release|Any CPU.Build.0 = Release|Any CPU
		{B8D1A3B7-B580-48DF-85DB-EF8151474783}.Debug|Any CPU.ActiveCfg = Debug|Any CPU
		{B8D1A3B7-B580-48DF-85DB-EF8151474783}.Debug|Any CPU.Build.0 = Debug|Any CPU
		{B8D1A3B7-B580-48DF-85DB-EF8151474783}.Release|Any CPU.ActiveCfg = Release|Any CPU
		{B8D1A3B7-B580-48DF-85DB-EF8151474783}.Release|Any CPU.Build.0 = Release|Any CPU
		{1E467CDB-2552-4BAD-B2D5-1440CD7A60C7}.Debug|Any CPU.ActiveCfg = Debug|Any CPU
		{1E467CDB-2552-4BAD-B2D5-1440CD7A60C7}.Debug|Any CPU.Build.0 = Debug|Any CPU
		{1E467CDB-2552-4BAD-B2D5-1440CD7A60C7}.Release|Any CPU.ActiveCfg = Release|Any CPU
		{1E467CDB-2552-4BAD-B2D5-1440CD7A60C7}.Release|Any CPU.Build.0 = Release|Any CPU
		{FA6A82E4-008C-402E-832A-4120437F1DF4}.Debug|Any CPU.ActiveCfg = Debug|Any CPU
		{FA6A82E4-008C-402E-832A-4120437F1DF4}.Debug|Any CPU.Build.0 = Debug|Any CPU
		{FA6A82E4-008C-402E-832A-4120437F1DF4}.Release|Any CPU.ActiveCfg = Release|Any CPU
		{FA6A82E4-008C-402E-832A-4120437F1DF4}.Release|Any CPU.Build.0 = Release|Any CPU
		{D0F63BD6-6949-4DF5-A257-8B8ECAAB2C19}.Debug|Any CPU.ActiveCfg = Debug|Any CPU
		{D0F63BD6-6949-4DF5-A257-8B8ECAAB2C19}.Debug|Any CPU.Build.0 = Debug|Any CPU
		{D0F63BD6-6949-4DF5-A257-8B8ECAAB2C19}.Release|Any CPU.ActiveCfg = Release|Any CPU
		{D0F63BD6-6949-4DF5-A257-8B8ECAAB2C19}.Release|Any CPU.Build.0 = Release|Any CPU
		{ACBFC100-3EA4-4306-9AA1-E4B7269552EC}.Debug|Any CPU.ActiveCfg = Debug|Any CPU
		{ACBFC100-3EA4-4306-9AA1-E4B7269552EC}.Debug|Any CPU.Build.0 = Debug|Any CPU
		{ACBFC100-3EA4-4306-9AA1-E4B7269552EC}.Release|Any CPU.ActiveCfg = Release|Any CPU
		{ACBFC100-3EA4-4306-9AA1-E4B7269552EC}.Release|Any CPU.Build.0 = Release|Any CPU
		{E6397143-ECA1-412F-8B2E-4C8439DD6DF6}.Debug|Any CPU.ActiveCfg = Debug|Any CPU
		{E6397143-ECA1-412F-8B2E-4C8439DD6DF6}.Debug|Any CPU.Build.0 = Debug|Any CPU
		{E6397143-ECA1-412F-8B2E-4C8439DD6DF6}.Release|Any CPU.ActiveCfg = Release|Any CPU
		{E6397143-ECA1-412F-8B2E-4C8439DD6DF6}.Release|Any CPU.Build.0 = Release|Any CPU
	EndGlobalSection
	GlobalSection(SolutionProperties) = preSolution
		HideSolutionNode = FALSE
	EndGlobalSection
	GlobalSection(ExtensibilityGlobals) = postSolution
		SolutionGuid = {213CB953-5A11-4E3E-97AB-55757CF79790}
	EndGlobalSection
EndGlobal
